Microsoft Visual Studio Solution File, Format Version 12.00
# Visual Studio 15
VisualStudioVersion = 15.0.26823.1
MinimumVisualStudioVersion = 15.0.26124.0
Project("{2150E333-8FDC-42A3-9474-1A3956D46DE8}") = ".paket", ".paket", "{1EC8FFDC-384F-4926-86B3-430AA3F7F4F8}"
	ProjectSection(SolutionItems) = preProject
		paket.dependencies = paket.dependencies
	EndProjectSection
EndProject
Project("{2150E333-8FDC-42A3-9474-1A3956D46DE8}") = "src", "src", "{4D7D5104-40A6-4F8C-9186-A2CC70E213A8}"
EndProject
Project("{6EC3EE1D-3C4E-46DD-8F32-0CC8E7565705}") = "Okanshi", "src\Okanshi\Okanshi.fsproj", "{8A0D3CAC-E3BA-46EB-9E42-0B8D7297F13D}"
EndProject
Project("{6EC3EE1D-3C4E-46DD-8F32-0CC8E7565705}") = "Okanshi.Endpoint", "src\Okanshi.Endpoint\Okanshi.Endpoint.fsproj", "{5BC2082B-3DD0-4B56-A027-6E69A90D8DEF}"
EndProject
Project("{9A19103F-16F7-4668-BE54-9A1E7A4F7556}") = "Okanshi.InfluxDBObserver", "src\Okanshi.InfluxDBObserver\Okanshi.InfluxDBObserver.csproj", "{FB7AFCF4-4E1A-4C1B-AC1D-4C7B1F440D5D}"
EndProject
Project("{9A19103F-16F7-4668-BE54-9A1E7A4F7556}") = "Okanshi.Owin", "src\Okanshi.Owin\Okanshi.Owin.csproj", "{F00AEED2-CD92-4390-9AED-9C667533CE55}"
EndProject
Project("{2150E333-8FDC-42A3-9474-1A3956D46DE8}") = "tests", "tests", "{D4D0F633-090D-4ED2-9EBC-763993ADA082}"
EndProject
Project("{9A19103F-16F7-4668-BE54-9A1E7A4F7556}") = "Okanshi.Tests", "tests\Okanshi.Tests\Okanshi.Tests.csproj", "{4B2C2A7A-4A09-4794-87A8-AF7D8515265A}"
EndProject
Project("{9A19103F-16F7-4668-BE54-9A1E7A4F7556}") = "Okanshi.InfluxDBObserver.Tests", "tests\Okanshi.InfluxDBObserver.Tests\Okanshi.InfluxDBObserver.Tests.csproj", "{83006FC6-D631-4AC8-969F-8EB5107D31E9}"
EndProject
Project("{2150E333-8FDC-42A3-9474-1A3956D46DE8}") = "doc", "doc", "{1239C1ED-EC54-4054-8A8E-F3F9BC96D818}"
	ProjectSection(SolutionItems) = preProject
		README.md = README.md
		RELEASE_NOTES.md = RELEASE_NOTES.md
		documentation\tutorial.md = documentation\tutorial.md
	EndProjectSection
EndProject
Global
	GlobalSection(SolutionConfigurationPlatforms) = preSolution
		Debug|Any CPU = Debug|Any CPU
		Debug|x64 = Debug|x64
		Debug|x86 = Debug|x86
		Release|Any CPU = Release|Any CPU
		Release|x64 = Release|x64
		Release|x86 = Release|x86
	EndGlobalSection
	GlobalSection(ProjectConfigurationPlatforms) = postSolution
		{8A0D3CAC-E3BA-46EB-9E42-0B8D7297F13D}.Debug|Any CPU.ActiveCfg = Debug|Any CPU
		{8A0D3CAC-E3BA-46EB-9E42-0B8D7297F13D}.Debug|Any CPU.Build.0 = Debug|Any CPU
		{8A0D3CAC-E3BA-46EB-9E42-0B8D7297F13D}.Debug|x64.ActiveCfg = Debug|Any CPU
		{8A0D3CAC-E3BA-46EB-9E42-0B8D7297F13D}.Debug|x64.Build.0 = Debug|Any CPU
		{8A0D3CAC-E3BA-46EB-9E42-0B8D7297F13D}.Debug|x86.ActiveCfg = Debug|Any CPU
		{8A0D3CAC-E3BA-46EB-9E42-0B8D7297F13D}.Debug|x86.Build.0 = Debug|Any CPU
		{8A0D3CAC-E3BA-46EB-9E42-0B8D7297F13D}.Release|Any CPU.ActiveCfg = Release|Any CPU
		{8A0D3CAC-E3BA-46EB-9E42-0B8D7297F13D}.Release|Any CPU.Build.0 = Release|Any CPU
		{8A0D3CAC-E3BA-46EB-9E42-0B8D7297F13D}.Release|x64.ActiveCfg = Release|Any CPU
		{8A0D3CAC-E3BA-46EB-9E42-0B8D7297F13D}.Release|x64.Build.0 = Release|Any CPU
		{8A0D3CAC-E3BA-46EB-9E42-0B8D7297F13D}.Release|x86.ActiveCfg = Release|Any CPU
		{8A0D3CAC-E3BA-46EB-9E42-0B8D7297F13D}.Release|x86.Build.0 = Release|Any CPU
		{5BC2082B-3DD0-4B56-A027-6E69A90D8DEF}.Debug|Any CPU.ActiveCfg = Debug|Any CPU
		{5BC2082B-3DD0-4B56-A027-6E69A90D8DEF}.Debug|Any CPU.Build.0 = Debug|Any CPU
		{5BC2082B-3DD0-4B56-A027-6E69A90D8DEF}.Debug|x64.ActiveCfg = Debug|Any CPU
		{5BC2082B-3DD0-4B56-A027-6E69A90D8DEF}.Debug|x64.Build.0 = Debug|Any CPU
		{5BC2082B-3DD0-4B56-A027-6E69A90D8DEF}.Debug|x86.ActiveCfg = Debug|Any CPU
		{5BC2082B-3DD0-4B56-A027-6E69A90D8DEF}.Debug|x86.Build.0 = Debug|Any CPU
		{5BC2082B-3DD0-4B56-A027-6E69A90D8DEF}.Release|Any CPU.ActiveCfg = Release|Any CPU
		{5BC2082B-3DD0-4B56-A027-6E69A90D8DEF}.Release|Any CPU.Build.0 = Release|Any CPU
		{5BC2082B-3DD0-4B56-A027-6E69A90D8DEF}.Release|x64.ActiveCfg = Release|Any CPU
		{5BC2082B-3DD0-4B56-A027-6E69A90D8DEF}.Release|x64.Build.0 = Release|Any CPU
		{5BC2082B-3DD0-4B56-A027-6E69A90D8DEF}.Release|x86.ActiveCfg = Release|Any CPU
		{5BC2082B-3DD0-4B56-A027-6E69A90D8DEF}.Release|x86.Build.0 = Release|Any CPU
		{FB7AFCF4-4E1A-4C1B-AC1D-4C7B1F440D5D}.Debug|Any CPU.ActiveCfg = Debug|Any CPU
		{FB7AFCF4-4E1A-4C1B-AC1D-4C7B1F440D5D}.Debug|Any CPU.Build.0 = Debug|Any CPU
		{FB7AFCF4-4E1A-4C1B-AC1D-4C7B1F440D5D}.Debug|x64.ActiveCfg = Debug|Any CPU
		{FB7AFCF4-4E1A-4C1B-AC1D-4C7B1F440D5D}.Debug|x64.Build.0 = Debug|Any CPU
		{FB7AFCF4-4E1A-4C1B-AC1D-4C7B1F440D5D}.Debug|x86.ActiveCfg = Debug|Any CPU
		{FB7AFCF4-4E1A-4C1B-AC1D-4C7B1F440D5D}.Debug|x86.Build.0 = Debug|Any CPU
		{FB7AFCF4-4E1A-4C1B-AC1D-4C7B1F440D5D}.Release|Any CPU.ActiveCfg = Release|Any CPU
		{FB7AFCF4-4E1A-4C1B-AC1D-4C7B1F440D5D}.Release|Any CPU.Build.0 = Release|Any CPU
		{FB7AFCF4-4E1A-4C1B-AC1D-4C7B1F440D5D}.Release|x64.ActiveCfg = Release|Any CPU
		{FB7AFCF4-4E1A-4C1B-AC1D-4C7B1F440D5D}.Release|x64.Build.0 = Release|Any CPU
		{FB7AFCF4-4E1A-4C1B-AC1D-4C7B1F440D5D}.Release|x86.ActiveCfg = Release|Any CPU
		{FB7AFCF4-4E1A-4C1B-AC1D-4C7B1F440D5D}.Release|x86.Build.0 = Release|Any CPU
		{F00AEED2-CD92-4390-9AED-9C667533CE55}.Debug|Any CPU.ActiveCfg = Debug|Any CPU
		{F00AEED2-CD92-4390-9AED-9C667533CE55}.Debug|Any CPU.Build.0 = Debug|Any CPU
		{F00AEED2-CD92-4390-9AED-9C667533CE55}.Debug|x64.ActiveCfg = Debug|Any CPU
		{F00AEED2-CD92-4390-9AED-9C667533CE55}.Debug|x64.Build.0 = Debug|Any CPU
		{F00AEED2-CD92-4390-9AED-9C667533CE55}.Debug|x86.ActiveCfg = Debug|Any CPU
		{F00AEED2-CD92-4390-9AED-9C667533CE55}.Debug|x86.Build.0 = Debug|Any CPU
		{F00AEED2-CD92-4390-9AED-9C667533CE55}.Release|Any CPU.ActiveCfg = Release|Any CPU
		{F00AEED2-CD92-4390-9AED-9C667533CE55}.Release|Any CPU.Build.0 = Release|Any CPU
		{F00AEED2-CD92-4390-9AED-9C667533CE55}.Release|x64.ActiveCfg = Release|Any CPU
		{F00AEED2-CD92-4390-9AED-9C667533CE55}.Release|x64.Build.0 = Release|Any CPU
		{F00AEED2-CD92-4390-9AED-9C667533CE55}.Release|x86.ActiveCfg = Release|Any CPU
		{F00AEED2-CD92-4390-9AED-9C667533CE55}.Release|x86.Build.0 = Release|Any CPU
		{4B2C2A7A-4A09-4794-87A8-AF7D8515265A}.Debug|Any CPU.ActiveCfg = Debug|Any CPU
		{4B2C2A7A-4A09-4794-87A8-AF7D8515265A}.Debug|Any CPU.Build.0 = Debug|Any CPU
		{4B2C2A7A-4A09-4794-87A8-AF7D8515265A}.Debug|x64.ActiveCfg = Debug|Any CPU
		{4B2C2A7A-4A09-4794-87A8-AF7D8515265A}.Debug|x64.Build.0 = Debug|Any CPU
		{4B2C2A7A-4A09-4794-87A8-AF7D8515265A}.Debug|x86.ActiveCfg = Debug|Any CPU
		{4B2C2A7A-4A09-4794-87A8-AF7D8515265A}.Debug|x86.Build.0 = Debug|Any CPU
		{4B2C2A7A-4A09-4794-87A8-AF7D8515265A}.Release|Any CPU.ActiveCfg = Release|Any CPU
		{4B2C2A7A-4A09-4794-87A8-AF7D8515265A}.Release|Any CPU.Build.0 = Release|Any CPU
		{4B2C2A7A-4A09-4794-87A8-AF7D8515265A}.Release|x64.ActiveCfg = Release|Any CPU
		{4B2C2A7A-4A09-4794-87A8-AF7D8515265A}.Release|x64.Build.0 = Release|Any CPU
		{4B2C2A7A-4A09-4794-87A8-AF7D8515265A}.Release|x86.ActiveCfg = Release|Any CPU
		{4B2C2A7A-4A09-4794-87A8-AF7D8515265A}.Release|x86.Build.0 = Release|Any CPU
		{83006FC6-D631-4AC8-969F-8EB5107D31E9}.Debug|Any CPU.ActiveCfg = Debug|Any CPU
		{83006FC6-D631-4AC8-969F-8EB5107D31E9}.Debug|Any CPU.Build.0 = Debug|Any CPU
		{83006FC6-D631-4AC8-969F-8EB5107D31E9}.Debug|x64.ActiveCfg = Debug|Any CPU
		{83006FC6-D631-4AC8-969F-8EB5107D31E9}.Debug|x64.Build.0 = Debug|Any CPU
		{83006FC6-D631-4AC8-969F-8EB5107D31E9}.Debug|x86.ActiveCfg = Debug|Any CPU
		{83006FC6-D631-4AC8-969F-8EB5107D31E9}.Debug|x86.Build.0 = Debug|Any CPU
		{83006FC6-D631-4AC8-969F-8EB5107D31E9}.Release|Any CPU.ActiveCfg = Release|Any CPU
		{83006FC6-D631-4AC8-969F-8EB5107D31E9}.Release|Any CPU.Build.0 = Release|Any CPU
		{83006FC6-D631-4AC8-969F-8EB5107D31E9}.Release|x64.ActiveCfg = Release|Any CPU
		{83006FC6-D631-4AC8-969F-8EB5107D31E9}.Release|x64.Build.0 = Release|Any CPU
		{83006FC6-D631-4AC8-969F-8EB5107D31E9}.Release|x86.ActiveCfg = Release|Any CPU
		{83006FC6-D631-4AC8-969F-8EB5107D31E9}.Release|x86.Build.0 = Release|Any CPU
	EndGlobalSection
	GlobalSection(SolutionProperties) = preSolution
		HideSolutionNode = FALSE
	EndGlobalSection
	GlobalSection(NestedProjects) = preSolution
		{8A0D3CAC-E3BA-46EB-9E42-0B8D7297F13D} = {4D7D5104-40A6-4F8C-9186-A2CC70E213A8}
		{5BC2082B-3DD0-4B56-A027-6E69A90D8DEF} = {4D7D5104-40A6-4F8C-9186-A2CC70E213A8}
		{FB7AFCF4-4E1A-4C1B-AC1D-4C7B1F440D5D} = {4D7D5104-40A6-4F8C-9186-A2CC70E213A8}
		{F00AEED2-CD92-4390-9AED-9C667533CE55} = {4D7D5104-40A6-4F8C-9186-A2CC70E213A8}
		{4B2C2A7A-4A09-4794-87A8-AF7D8515265A} = {D4D0F633-090D-4ED2-9EBC-763993ADA082}
		{83006FC6-D631-4AC8-969F-8EB5107D31E9} = {D4D0F633-090D-4ED2-9EBC-763993ADA082}
	EndGlobalSection
	GlobalSection(ExtensibilityGlobals) = postSolution
		SolutionGuid = {5D9D0BC7-8A34-4DE2-8A9D-B98D55D41ABB}
	EndGlobalSection
EndGlobal
